
Microsoft Visual Studio Solution File, Format Version 12.00
# Visual Studio Version 17
VisualStudioVersion = 17.3.32922.545
MinimumVisualStudioVersion = 10.0.40219.1
Project("{FAE04EC0-301F-11D3-BF4B-00C04F79EFBC}") = "TypeMovieBot", "Kursach\TypeMovieBot.csproj", "{19B4D360-42A8-465D-B57E-4A1E9AAFF5D0}"
EndProject
Global
	GlobalSection(SolutionConfigurationPlatforms) = preSolution
		Debug|Any CPU = Debug|Any CPU
		Release|Any CPU = Release|Any CPU
	EndGlobalSection
	GlobalSection(ProjectConfigurationPlatforms) = postSolution
		{19B4D360-42A8-465D-B57E-4A1E9AAFF5D0}.Debug|Any CPU.ActiveCfg = Debug|Any CPU
		{19B4D360-42A8-465D-B57E-4A1E9AAFF5D0}.Debug|Any CPU.Build.0 = Debug|Any CPU
		{19B4D360-42A8-465D-B57E-4A1E9AAFF5D0}.Release|Any CPU.ActiveCfg = Release|Any CPU
		{19B4D360-42A8-465D-B57E-4A1E9AAFF5D0}.Release|Any CPU.Build.0 = Release|Any CPU
	EndGlobalSection
	GlobalSection(SolutionProperties) = preSolution
		HideSolutionNode = FALSE
	EndGlobalSection
	GlobalSection(ExtensibilityGlobals) = postSolution
		SolutionGuid = {855F02E9-C287-4CE5-A6E9-730AAEB5E982}
	EndGlobalSection
EndGlobal
